
Microsoft Visual Studio Solution File, Format Version 12.00
# Visual Studio Version 17
VisualStudioVersion = 17.4.33103.184
MinimumVisualStudioVersion = 10.0.40219.1
Project("{FAE04EC0-301F-11D3-BF4B-00C04F79EFBC}") = "fractal", "fractal\fractal.csproj", "{F38AE79C-2570-4149-BB02-3638B3636C23}"
EndProject
Global
	GlobalSection(SolutionConfigurationPlatforms) = preSolution
		Debug|Any CPU = Debug|Any CPU
		Release|Any CPU = Release|Any CPU
	EndGlobalSection
	GlobalSection(ProjectConfigurationPlatforms) = postSolution
		{F38AE79C-2570-4149-BB02-3638B3636C23}.Debug|Any CPU.ActiveCfg = Debug|Any CPU
		{F38AE79C-2570-4149-BB02-3638B3636C23}.Debug|Any CPU.Build.0 = Debug|Any CPU
		{F38AE79C-2570-4149-BB02-3638B3636C23}.Release|Any CPU.ActiveCfg = Release|Any CPU
		{F38AE79C-2570-4149-BB02-3638B3636C23}.Release|Any CPU.Build.0 = Release|Any CPU
	EndGlobalSection
	GlobalSection(SolutionProperties) = preSolution
		HideSolutionNode = FALSE
	EndGlobalSection
	GlobalSection(ExtensibilityGlobals) = postSolution
		SolutionGuid = {A792DE7F-59E9-4DB2-B4F5-BF273A27F887}
	EndGlobalSection
EndGlobal
